// !$*UTF8*$!
{
	archiveVersion = 1;
	classes = {
	};
	objectVersion = 50;
	objects = {

/* Begin PBXBuildFile section */
		FA18001025D698EC00316DDE /* CheatsheetApp.swift in Sources */ = {isa = PBXBuildFile; fileRef = FA18FFFD25D698E900316DDE /* CheatsheetApp.swift */; };
		FA18001125D698EC00316DDE /* CheatsheetApp.swift in Sources */ = {isa = PBXBuildFile; fileRef = FA18FFFD25D698E900316DDE /* CheatsheetApp.swift */; };
		FA18001225D698EC00316DDE /* TopicsListView.swift in Sources */ = {isa = PBXBuildFile; fileRef = FA18FFFE25D698E900316DDE /* TopicsListView.swift */; };
		FA18001325D698EC00316DDE /* TopicsListView.swift in Sources */ = {isa = PBXBuildFile; fileRef = FA18FFFE25D698E900316DDE /* TopicsListView.swift */; };
		FA18001425D698EC00316DDE /* Assets.xcassets in Resources */ = {isa = PBXBuildFile; fileRef = FA18FFFF25D698EC00316DDE /* Assets.xcassets */; };
		FA18001525D698EC00316DDE /* Assets.xcassets in Resources */ = {isa = PBXBuildFile; fileRef = FA18FFFF25D698EC00316DDE /* Assets.xcassets */; };
		FA18002925D699C100316DDE /* README.md in Resources */ = {isa = PBXBuildFile; fileRef = FA18002825D699C100316DDE /* README.md */; };
		FA18003C25D6B66200316DDE /* TextTopicView.swift in Sources */ = {isa = PBXBuildFile; fileRef = FA18003B25D6B66200316DDE /* TextTopicView.swift */; };
		FA18003D25D6B66200316DDE /* TextTopicView.swift in Sources */ = {isa = PBXBuildFile; fileRef = FA18003B25D6B66200316DDE /* TextTopicView.swift */; };
		FAAE7A9A25D6C44400089A76 /* TextFieldTopicView.swift in Sources */ = {isa = PBXBuildFile; fileRef = FAAE7A9925D6C44400089A76 /* TextFieldTopicView.swift */; };
		FAAE7A9B25D6C44400089A76 /* TextFieldTopicView.swift in Sources */ = {isa = PBXBuildFile; fileRef = FAAE7A9925D6C44400089A76 /* TextFieldTopicView.swift */; };
/* End PBXBuildFile section */

/* Begin PBXFileReference section */
		FA18000425D698EC00316DDE /* SwiftUI Cheatsheet.app */ = {isa = PBXFileReference; explicitFileType = wrapper.application; includeInIndex = 0; path = "SwiftUI Cheatsheet.app"; sourceTree = BUILT_PRODUCTS_DIR; };
		FA18000725D698EC00316DDE /* Info.plist */ = {isa = PBXFileReference; lastKnownFileType = text.plist.xml; path = Info.plist; sourceTree = "<group>"; };
		FA18000C25D698EC00316DDE /* SwiftUI Cheatsheet.app */ = {isa = PBXFileReference; explicitFileType = wrapper.application; includeInIndex = 0; path = "SwiftUI Cheatsheet.app"; sourceTree = BUILT_PRODUCTS_DIR; };
		FA18000E25D698EC00316DDE /* Info.plist */ = {isa = PBXFileReference; lastKnownFileType = text.plist.xml; path = Info.plist; sourceTree = "<group>"; };
		FA18000F25D698EC00316DDE /* macOS.entitlements */ = {isa = PBXFileReference; lastKnownFileType = text.plist.entitlements; path = macOS.entitlements; sourceTree = "<group>"; };
		FA18002825D699C100316DDE /* README.md */ = {isa = PBXFileReference; fileEncoding = 4; lastKnownFileType = net.daringfireball.markdown; path = README.md; sourceTree = "<group>"; };
		FA18003B25D6B66200316DDE /* TextTopicView.swift */ = {isa = PBXFileReference; lastKnownFileType = sourcecode.swift; path = TextTopicView.swift; sourceTree = "<group>"; };
		FA18FFFD25D698E900316DDE /* CheatsheetApp.swift */ = {isa = PBXFileReference; lastKnownFileType = sourcecode.swift; path = CheatsheetApp.swift; sourceTree = "<group>"; };
		FA18FFFE25D698E900316DDE /* TopicsListView.swift */ = {isa = PBXFileReference; lastKnownFileType = sourcecode.swift; path = TopicsListView.swift; sourceTree = "<group>"; };
		FA18FFFF25D698EC00316DDE /* Assets.xcassets */ = {isa = PBXFileReference; lastKnownFileType = folder.assetcatalog; path = Assets.xcassets; sourceTree = "<group>"; };
		FAAE7A9925D6C44400089A76 /* TextFieldTopicView.swift */ = {isa = PBXFileReference; lastKnownFileType = sourcecode.swift; path = TextFieldTopicView.swift; sourceTree = "<group>"; };
/* End PBXFileReference section */

/* Begin PBXFrameworksBuildPhase section */
		FA18000125D698EC00316DDE /* Frameworks */ = {
			isa = PBXFrameworksBuildPhase;
			buildActionMask = 2147483647;
			files = (
			);
			runOnlyForDeploymentPostprocessing = 0;
		};
		FA18000925D698EC00316DDE /* Frameworks */ = {
			isa = PBXFrameworksBuildPhase;
			buildActionMask = 2147483647;
			files = (
			);
			runOnlyForDeploymentPostprocessing = 0;
		};
/* End PBXFrameworksBuildPhase section */

/* Begin PBXGroup section */
		FA18000525D698EC00316DDE /* Products */ = {
			isa = PBXGroup;
			children = (
				FA18000425D698EC00316DDE /* SwiftUI Cheatsheet.app */,
				FA18000C25D698EC00316DDE /* SwiftUI Cheatsheet.app */,
			);
			name = Products;
			sourceTree = "<group>";
		};
		FA18000625D698EC00316DDE /* iOS */ = {
			isa = PBXGroup;
			children = (
				FA18000725D698EC00316DDE /* Info.plist */,
			);
			path = iOS;
			sourceTree = "<group>";
		};
		FA18000D25D698EC00316DDE /* macOS */ = {
			isa = PBXGroup;
			children = (
				FA18000E25D698EC00316DDE /* Info.plist */,
				FA18000F25D698EC00316DDE /* macOS.entitlements */,
			);
			path = macOS;
			sourceTree = "<group>";
		};
		FA18003025D6B60800316DDE /* Views */ = {
			isa = PBXGroup;
			children = (
				FA18003125D6B61A00316DDE /* Texts */,
			);
			path = Views;
			sourceTree = "<group>";
		};
		FA18003125D6B61A00316DDE /* Texts */ = {
			isa = PBXGroup;
			children = (
				FA18003B25D6B66200316DDE /* TextTopicView.swift */,
				FAAE7A9925D6C44400089A76 /* TextFieldTopicView.swift */,
			);
			path = Texts;
			sourceTree = "<group>";
		};
		FA18FFF725D698E900316DDE = {
			isa = PBXGroup;
			children = (
				FA18FFFC25D698E900316DDE /* Shared */,
				FA18000625D698EC00316DDE /* iOS */,
				FA18000D25D698EC00316DDE /* macOS */,
				FA18000525D698EC00316DDE /* Products */,
				FA18002825D699C100316DDE /* README.md */,
			);
			sourceTree = "<group>";
		};
		FA18FFFC25D698E900316DDE /* Shared */ = {
			isa = PBXGroup;
			children = (
				FA18003025D6B60800316DDE /* Views */,
				FA18FFFD25D698E900316DDE /* CheatsheetApp.swift */,
				FA18FFFE25D698E900316DDE /* TopicsListView.swift */,
				FA18FFFF25D698EC00316DDE /* Assets.xcassets */,
			);
			path = Shared;
			sourceTree = "<group>";
		};
/* End PBXGroup section */

/* Begin PBXNativeTarget section */
		FA18000325D698EC00316DDE /* SwiftUI Cheatsheet (iOS) */ = {
			isa = PBXNativeTarget;
			buildConfigurationList = FA18001825D698EC00316DDE /* Build configuration list for PBXNativeTarget "SwiftUI Cheatsheet (iOS)" */;
			buildPhases = (
				FA18000025D698EC00316DDE /* Sources */,
				FA18000125D698EC00316DDE /* Frameworks */,
				FA18000225D698EC00316DDE /* Resources */,
			);
			buildRules = (
			);
			dependencies = (
			);
			name = "SwiftUI Cheatsheet (iOS)";
			productName = "SwiftUI Cheatsheet (iOS)";
			productReference = FA18000425D698EC00316DDE /* SwiftUI Cheatsheet.app */;
			productType = "com.apple.product-type.application";
		};
		FA18000B25D698EC00316DDE /* SwiftUI Cheatsheet (macOS) */ = {
			isa = PBXNativeTarget;
			buildConfigurationList = FA18001B25D698EC00316DDE /* Build configuration list for PBXNativeTarget "SwiftUI Cheatsheet (macOS)" */;
			buildPhases = (
				FA18000825D698EC00316DDE /* Sources */,
				FA18000925D698EC00316DDE /* Frameworks */,
				FA18000A25D698EC00316DDE /* Resources */,
			);
			buildRules = (
			);
			dependencies = (
			);
			name = "SwiftUI Cheatsheet (macOS)";
			productName = "SwiftUI Cheatsheet (macOS)";
			productReference = FA18000C25D698EC00316DDE /* SwiftUI Cheatsheet.app */;
			productType = "com.apple.product-type.application";
		};
/* End PBXNativeTarget section */

/* Begin PBXProject section */
		FA18FFF825D698E900316DDE /* Project object */ = {
			isa = PBXProject;
			attributes = {
				LastSwiftUpdateCheck = 1240;
				LastUpgradeCheck = 1240;
				TargetAttributes = {
					FA18000325D698EC00316DDE = {
						CreatedOnToolsVersion = 12.4;
					};
					FA18000B25D698EC00316DDE = {
						CreatedOnToolsVersion = 12.4;
					};
				};
			};
			buildConfigurationList = FA18FFFB25D698E900316DDE /* Build configuration list for PBXProject "SwiftUI Cheatsheet" */;
			compatibilityVersion = "Xcode 9.3";
			developmentRegion = en;
			hasScannedForEncodings = 0;
			knownRegions = (
				en,
				Base,
			);
			mainGroup = FA18FFF725D698E900316DDE;
			productRefGroup = FA18000525D698EC00316DDE /* Products */;
			projectDirPath = "";
			projectRoot = "";
			targets = (
				FA18000325D698EC00316DDE /* SwiftUI Cheatsheet (iOS) */,
				FA18000B25D698EC00316DDE /* SwiftUI Cheatsheet (macOS) */,
			);
		};
/* End PBXProject section */

/* Begin PBXResourcesBuildPhase section */
		FA18000225D698EC00316DDE /* Resources */ = {
			isa = PBXResourcesBuildPhase;
			buildActionMask = 2147483647;
			files = (
				FA18002925D699C100316DDE /* README.md in Resources */,
				FA18001425D698EC00316DDE /* Assets.xcassets in Resources */,
			);
			runOnlyForDeploymentPostprocessing = 0;
		};
		FA18000A25D698EC00316DDE /* Resources */ = {
			isa = PBXResourcesBuildPhase;
			buildActionMask = 2147483647;
			files = (
				FA18001525D698EC00316DDE /* Assets.xcassets in Resources */,
			);
			runOnlyForDeploymentPostprocessing = 0;
		};
/* End PBXResourcesBuildPhase section */

/* Begin PBXSourcesBuildPhase section */
		FA18000025D698EC00316DDE /* Sources */ = {
			isa = PBXSourcesBuildPhase;
			buildActionMask = 2147483647;
			files = (
				FA18001225D698EC00316DDE /* TopicsListView.swift in Sources */,
				FA18001025D698EC00316DDE /* CheatsheetApp.swift in Sources */,
				FAAE7A9A25D6C44400089A76 /* TextFieldTopicView.swift in Sources */,
				FA18003C25D6B66200316DDE /* TextTopicView.swift in Sources */,
			);
			runOnlyForDeploymentPostprocessing = 0;
		};
		FA18000825D698EC00316DDE /* Sources */ = {
			isa = PBXSourcesBuildPhase;
			buildActionMask = 2147483647;
			files = (
				FA18001325D698EC00316DDE /* TopicsListView.swift in Sources */,
				FA18001125D698EC00316DDE /* CheatsheetApp.swift in Sources */,
				FAAE7A9B25D6C44400089A76 /* TextFieldTopicView.swift in Sources */,
				FA18003D25D6B66200316DDE /* TextTopicView.swift in Sources */,
			);
			runOnlyForDeploymentPostprocessing = 0;
		};
/* End PBXSourcesBuildPhase section */

/* Begin XCBuildConfiguration section */
		FA18001625D698EC00316DDE /* Debug */ = {
			isa = XCBuildConfiguration;
			buildSettings = {
				ALWAYS_SEARCH_USER_PATHS = NO;
				CLANG_ANALYZER_NONNULL = YES;
				CLANG_ANALYZER_NUMBER_OBJECT_CONVERSION = YES_AGGRESSIVE;
				CLANG_CXX_LANGUAGE_STANDARD = "gnu++14";
				CLANG_CXX_LIBRARY = "libc++";
				CLANG_ENABLE_MODULES = YES;
				CLANG_ENABLE_OBJC_ARC = YES;
				CLANG_ENABLE_OBJC_WEAK = YES;
				CLANG_WARN_BLOCK_CAPTURE_AUTORELEASING = YES;
				CLANG_WARN_BOOL_CONVERSION = YES;
				CLANG_WARN_COMMA = YES;
				CLANG_WARN_CONSTANT_CONVERSION = YES;
				CLANG_WARN_DEPRECATED_OBJC_IMPLEMENTATIONS = YES;
				CLANG_WARN_DIRECT_OBJC_ISA_USAGE = YES_ERROR;
				CLANG_WARN_DOCUMENTATION_COMMENTS = YES;
				CLANG_WARN_EMPTY_BODY = YES;
				CLANG_WARN_ENUM_CONVERSION = YES;
				CLANG_WARN_INFINITE_RECURSION = YES;
				CLANG_WARN_INT_CONVERSION = YES;
				CLANG_WARN_NON_LITERAL_NULL_CONVERSION = YES;
				CLANG_WARN_OBJC_IMPLICIT_RETAIN_SELF = YES;
				CLANG_WARN_OBJC_LITERAL_CONVERSION = YES;
				CLANG_WARN_OBJC_ROOT_CLASS = YES_ERROR;
				CLANG_WARN_QUOTED_INCLUDE_IN_FRAMEWORK_HEADER = YES;
				CLANG_WARN_RANGE_LOOP_ANALYSIS = YES;
				CLANG_WARN_STRICT_PROTOTYPES = YES;
				CLANG_WARN_SUSPICIOUS_MOVE = YES;
				CLANG_WARN_UNGUARDED_AVAILABILITY = YES_AGGRESSIVE;
				CLANG_WARN_UNREACHABLE_CODE = YES;
				CLANG_WARN__DUPLICATE_METHOD_MATCH = YES;
				COPY_PHASE_STRIP = NO;
				DEBUG_INFORMATION_FORMAT = dwarf;
				ENABLE_STRICT_OBJC_MSGSEND = YES;
				ENABLE_TESTABILITY = YES;
				GCC_C_LANGUAGE_STANDARD = gnu11;
				GCC_DYNAMIC_NO_PIC = NO;
				GCC_NO_COMMON_BLOCKS = YES;
				GCC_OPTIMIZATION_LEVEL = 0;
				GCC_PREPROCESSOR_DEFINITIONS = (
					"DEBUG=1",
					"$(inherited)",
				);
				GCC_WARN_64_TO_32_BIT_CONVERSION = YES;
				GCC_WARN_ABOUT_RETURN_TYPE = YES_ERROR;
				GCC_WARN_UNDECLARED_SELECTOR = YES;
				GCC_WARN_UNINITIALIZED_AUTOS = YES_AGGRESSIVE;
				GCC_WARN_UNUSED_FUNCTION = YES;
				GCC_WARN_UNUSED_VARIABLE = YES;
				MTL_ENABLE_DEBUG_INFO = INCLUDE_SOURCE;
				MTL_FAST_MATH = YES;
				ONLY_ACTIVE_ARCH = YES;
				SWIFT_ACTIVE_COMPILATION_CONDITIONS = DEBUG;
				SWIFT_OPTIMIZATION_LEVEL = "-Onone";
			};
			name = Debug;
		};
		FA18001725D698EC00316DDE /* Release */ = {
			isa = XCBuildConfiguration;
			buildSettings = {
				ALWAYS_SEARCH_USER_PATHS = NO;
				CLANG_ANALYZER_NONNULL = YES;
				CLANG_ANALYZER_NUMBER_OBJECT_CONVERSION = YES_AGGRESSIVE;
				CLANG_CXX_LANGUAGE_STANDARD = "gnu++14";
				CLANG_CXX_LIBRARY = "libc++";
				CLANG_ENABLE_MODULES = YES;
				CLANG_ENABLE_OBJC_ARC = YES;
				CLANG_ENABLE_OBJC_WEAK = YES;
				CLANG_WARN_BLOCK_CAPTURE_AUTORELEASING = YES;
				CLANG_WARN_BOOL_CONVERSION = YES;
				CLANG_WARN_COMMA = YES;
				CLANG_WARN_CONSTANT_CONVERSION = YES;
				CLANG_WARN_DEPRECATED_OBJC_IMPLEMENTATIONS = YES;
				CLANG_WARN_DIRECT_OBJC_ISA_USAGE = YES_ERROR;
				CLANG_WARN_DOCUMENTATION_COMMENTS = YES;
				CLANG_WARN_EMPTY_BODY = YES;
				CLANG_WARN_ENUM_CONVERSION = YES;
				CLANG_WARN_INFINITE_RECURSION = YES;
				CLANG_WARN_INT_CONVERSION = YES;
				CLANG_WARN_NON_LITERAL_NULL_CONVERSION = YES;
				CLANG_WARN_OBJC_IMPLICIT_RETAIN_SELF = YES;
				CLANG_WARN_OBJC_LITERAL_CONVERSION = YES;
				CLANG_WARN_OBJC_ROOT_CLASS = YES_ERROR;
				CLANG_WARN_QUOTED_INCLUDE_IN_FRAMEWORK_HEADER = YES;
				CLANG_WARN_RANGE_LOOP_ANALYSIS = YES;
				CLANG_WARN_STRICT_PROTOTYPES = YES;
				CLANG_WARN_SUSPICIOUS_MOVE = YES;
				CLANG_WARN_UNGUARDED_AVAILABILITY = YES_AGGRESSIVE;
				CLANG_WARN_UNREACHABLE_CODE = YES;
				CLANG_WARN__DUPLICATE_METHOD_MATCH = YES;
				COPY_PHASE_STRIP = NO;
				DEBUG_INFORMATION_FORMAT = "dwarf-with-dsym";
				ENABLE_NS_ASSERTIONS = NO;
				ENABLE_STRICT_OBJC_MSGSEND = YES;
				GCC_C_LANGUAGE_STANDARD = gnu11;
				GCC_NO_COMMON_BLOCKS = YES;
				GCC_WARN_64_TO_32_BIT_CONVERSION = YES;
				GCC_WARN_ABOUT_RETURN_TYPE = YES_ERROR;
				GCC_WARN_UNDECLARED_SELECTOR = YES;
				GCC_WARN_UNINITIALIZED_AUTOS = YES_AGGRESSIVE;
				GCC_WARN_UNUSED_FUNCTION = YES;
				GCC_WARN_UNUSED_VARIABLE = YES;
				MTL_ENABLE_DEBUG_INFO = NO;
				MTL_FAST_MATH = YES;
				SWIFT_COMPILATION_MODE = wholemodule;
				SWIFT_OPTIMIZATION_LEVEL = "-O";
			};
			name = Release;
		};
		FA18001925D698EC00316DDE /* Debug */ = {
			isa = XCBuildConfiguration;
			buildSettings = {
				ASSETCATALOG_COMPILER_APPICON_NAME = AppIcon;
				ASSETCATALOG_COMPILER_GLOBAL_ACCENT_COLOR_NAME = AccentColor;
				CODE_SIGN_STYLE = Automatic;
				DEVELOPMENT_TEAM = T6H49879HU;
				ENABLE_PREVIEWS = YES;
				INFOPLIST_FILE = iOS/Info.plist;
				IPHONEOS_DEPLOYMENT_TARGET = 14.0;
				LD_RUNPATH_SEARCH_PATHS = (
					"$(inherited)",
					"@executable_path/Frameworks",
				);
				PRODUCT_BUNDLE_IDENTIFIER = "com.alexcristea.swiftui-cheatsheet";
				PRODUCT_NAME = "SwiftUI Cheatsheet";
				SDKROOT = iphoneos;
				SWIFT_VERSION = 5.0;
				TARGETED_DEVICE_FAMILY = "1,2";
			};
			name = Debug;
		};
		FA18001A25D698EC00316DDE /* Release */ = {
			isa = XCBuildConfiguration;
			buildSettings = {
				ASSETCATALOG_COMPILER_APPICON_NAME = AppIcon;
				ASSETCATALOG_COMPILER_GLOBAL_ACCENT_COLOR_NAME = AccentColor;
				CODE_SIGN_STYLE = Automatic;
				DEVELOPMENT_TEAM = T6H49879HU;
				ENABLE_PREVIEWS = YES;
				INFOPLIST_FILE = iOS/Info.plist;
				IPHONEOS_DEPLOYMENT_TARGET = 14.0;
				LD_RUNPATH_SEARCH_PATHS = (
					"$(inherited)",
					"@executable_path/Frameworks",
				);
				PRODUCT_BUNDLE_IDENTIFIER = "com.alexcristea.swiftui-cheatsheet";
				PRODUCT_NAME = "SwiftUI Cheatsheet";
				SDKROOT = iphoneos;
				SWIFT_VERSION = 5.0;
				TARGETED_DEVICE_FAMILY = "1,2";
				VALIDATE_PRODUCT = YES;
			};
			name = Release;
		};
		FA18001C25D698EC00316DDE /* Debug */ = {
			isa = XCBuildConfiguration;
			buildSettings = {
				ASSETCATALOG_COMPILER_APPICON_NAME = AppIcon;
				ASSETCATALOG_COMPILER_GLOBAL_ACCENT_COLOR_NAME = AccentColor;
				CODE_SIGN_ENTITLEMENTS = macOS/macOS.entitlements;
				CODE_SIGN_STYLE = Automatic;
				COMBINE_HIDPI_IMAGES = YES;
				DEVELOPMENT_TEAM = T6H49879HU;
				ENABLE_HARDENED_RUNTIME = YES;
				ENABLE_PREVIEWS = YES;
				INFOPLIST_FILE = macOS/Info.plist;
				LD_RUNPATH_SEARCH_PATHS = (
					"$(inherited)",
					"@executable_path/../Frameworks",
				);
				MACOSX_DEPLOYMENT_TARGET = 11.0;
				PRODUCT_BUNDLE_IDENTIFIER = "com.alexcristea.swiftui-cheatsheet";
				PRODUCT_NAME = "SwiftUI Cheatsheet";
				SDKROOT = macosx;
				SWIFT_VERSION = 5.0;
			};
			name = Debug;
		};
		FA18001D25D698EC00316DDE /* Release */ = {
			isa = XCBuildConfiguration;
			buildSettings = {
				ASSETCATALOG_COMPILER_APPICON_NAME = AppIcon;
				ASSETCATALOG_COMPILER_GLOBAL_ACCENT_COLOR_NAME = AccentColor;
				CODE_SIGN_ENTITLEMENTS = macOS/macOS.entitlements;
				CODE_SIGN_STYLE = Automatic;
				COMBINE_HIDPI_IMAGES = YES;
				DEVELOPMENT_TEAM = T6H49879HU;
				ENABLE_HARDENED_RUNTIME = YES;
				ENABLE_PREVIEWS = YES;
				INFOPLIST_FILE = macOS/Info.plist;
				LD_RUNPATH_SEARCH_PATHS = (
					"$(inherited)",
					"@executable_path/../Frameworks",
				);
				MACOSX_DEPLOYMENT_TARGET = 11.0;
				PRODUCT_BUNDLE_IDENTIFIER = "com.alexcristea.swiftui-cheatsheet";
				PRODUCT_NAME = "SwiftUI Cheatsheet";
				SDKROOT = macosx;
				SWIFT_VERSION = 5.0;
			};
			name = Release;
		};
/* End XCBuildConfiguration section */

/* Begin XCConfigurationList section */
		FA18001825D698EC00316DDE /* Build configuration list for PBXNativeTarget "SwiftUI Cheatsheet (iOS)" */ = {
			isa = XCConfigurationList;
			buildConfigurations = (
				FA18001925D698EC00316DDE /* Debug */,
				FA18001A25D698EC00316DDE /* Release */,
			);
			defaultConfigurationIsVisible = 0;
			defaultConfigurationName = Release;
		};
		FA18001B25D698EC00316DDE /* Build configuration list for PBXNativeTarget "SwiftUI Cheatsheet (macOS)" */ = {
			isa = XCConfigurationList;
			buildConfigurations = (
				FA18001C25D698EC00316DDE /* Debug */,
				FA18001D25D698EC00316DDE /* Release */,
			);
			defaultConfigurationIsVisible = 0;
			defaultConfigurationName = Release;
		};
		FA18FFFB25D698E900316DDE /* Build configuration list for PBXProject "SwiftUI Cheatsheet" */ = {
			isa = XCConfigurationList;
			buildConfigurations = (
				FA18001625D698EC00316DDE /* Debug */,
				FA18001725D698EC00316DDE /* Release */,
			);
			defaultConfigurationIsVisible = 0;
			defaultConfigurationName = Release;
		};
/* End XCConfigurationList section */
	};
	rootObject = FA18FFF825D698E900316DDE /* Project object */;
}
